{
  "version": 4,
  "terraform_version": "1.7.3",
  "serial": 8,
  "lineage": "b4af49ac-b370-ee38-3b44-e25ad7ee9126",
  "outputs": {
    "AZURE_LOCATION": {
      "value": "ukwest",
      "type": "string"
    },
    "AZURE_TENANT_ID": {
      "value": "85cee771-5508-4a67-b739-2e3a849e55fa",
      "type": "string"
    }
  },
  "resources": [
    {
      "mode": "data",
      "type": "azurerm_client_config",
      "name": "current",
      "provider": "provider[\"registry.terraform.io/hashicorp/azurerm\"]",
      "instances": [
        {
          "schema_version": 0,
          "attributes": {
            "client_id": "04b07795-8ddb-461a-bbee-02f9e1bf7b46",
            "id": "Y2xpZW50Q29uZmlncy9jbGllbnRJZD0wNGIwNzc5NS04ZGRiLTQ2MWEtYmJlZS0wMmY5ZTFiZjdiNDY7b2JqZWN0SWQ9ZDZjODkyYzMtNTcyYi00ZWQ1LWJmNDItZmU3ZGQ1Yjk4ZjU0O3N1YnNjcmlwdGlvbklkPTllMDRmOWJiLWQ0ZmEtNGQ5Mi05M2U3LWUyN2IwMWJmM2NmZDt0ZW5hbnRJZD04NWNlZTc3MS01NTA4LTRhNjctYjczOS0yZTNhODQ5ZTU1ZmE=",
            "object_id": "d6c892c3-572b-4ed5-bf42-fe7dd5b98f54",
            "subscription_id": "9e04f9bb-d4fa-4d92-93e7-e27b01bf3cfd",
            "tenant_id": "85cee771-5508-4a67-b739-2e3a849e55fa",
            "timeouts": null
          },
          "sensitive_attributes": []
        }
      ]
    },
    {
      "mode": "managed",
      "type": "azurecaf_name",
      "name": "rg_name",
      "provider": "provider[\"registry.terraform.io/aztfmod/azurecaf\"]",
      "instances": [
        {
          "schema_version": 3,
          "attributes": {
            "clean_input": true,
            "id": "panaweqlwobudthc",
            "name": "azd-terra",
            "passthrough": false,
            "prefixes": null,
            "random_length": 0,
            "random_seed": null,
            "resource_type": "azurerm_resource_group",
            "resource_types": null,
            "result": "rg-azd-terra",
            "results": {},
            "separator": "-",
            "suffixes": null,
            "use_slug": true
          },
          "sensitive_attributes": [],
          "private": "eyJzY2hlbWFfdmVyc2lvbiI6IjMifQ=="
        }
      ]
    }
  ],
  "check_results": null
}
